
Microsoft Visual Studio Solution File, Format Version 12.00
# Visual Studio Version 16
VisualStudioVersion = 16.0.30907.101
MinimumVisualStudioVersion = 10.0.40219.1
Project("{FAE04EC0-301F-11D3-BF4B-00C04F79EFBC}") = "ProjectBoard.Api", "ProjectBoard.Api.csproj", "{966B6B43-F301-47CB-A95B-20805480DABE}"
EndProject
Project("{FAE04EC0-301F-11D3-BF4B-00C04F79EFBC}") = "ProjectBoard.Dbup", "..\ProjectBoard.Dbup\ProjectBoard.Dbup.csproj", "{3BDA6648-1C85-4D0B-8E89-2AD0D6343646}"
EndProject
Project("{FAE04EC0-301F-11D3-BF4B-00C04F79EFBC}") = "ProjectBoard.Data", "..\ProjectBoard.Data\ProjectBoard.Data.csproj", "{01C4D825-1881-46AA-A318-208CA4E8E5A2}"
EndProject
Global
	GlobalSection(SolutionConfigurationPlatforms) = preSolution
		Debug|Any CPU = Debug|Any CPU
		Release|Any CPU = Release|Any CPU
	EndGlobalSection
	GlobalSection(ProjectConfigurationPlatforms) = postSolution
		{966B6B43-F301-47CB-A95B-20805480DABE}.Debug|Any CPU.ActiveCfg = Debug|Any CPU
		{966B6B43-F301-47CB-A95B-20805480DABE}.Debug|Any CPU.Build.0 = Debug|Any CPU
		{966B6B43-F301-47CB-A95B-20805480DABE}.Release|Any CPU.ActiveCfg = Release|Any CPU
		{966B6B43-F301-47CB-A95B-20805480DABE}.Release|Any CPU.Build.0 = Release|Any CPU
		{3BDA6648-1C85-4D0B-8E89-2AD0D6343646}.Debug|Any CPU.ActiveCfg = Debug|Any CPU
		{3BDA6648-1C85-4D0B-8E89-2AD0D6343646}.Debug|Any CPU.Build.0 = Debug|Any CPU
		{3BDA6648-1C85-4D0B-8E89-2AD0D6343646}.Release|Any CPU.ActiveCfg = Release|Any CPU
		{3BDA6648-1C85-4D0B-8E89-2AD0D6343646}.Release|Any CPU.Build.0 = Release|Any CPU
		{01C4D825-1881-46AA-A318-208CA4E8E5A2}.Debug|Any CPU.ActiveCfg = Debug|Any CPU
		{01C4D825-1881-46AA-A318-208CA4E8E5A2}.Debug|Any CPU.Build.0 = Debug|Any CPU
		{01C4D825-1881-46AA-A318-208CA4E8E5A2}.Release|Any CPU.ActiveCfg = Release|Any CPU
		{01C4D825-1881-46AA-A318-208CA4E8E5A2}.Release|Any CPU.Build.0 = Release|Any CPU
	EndGlobalSection
	GlobalSection(SolutionProperties) = preSolution
		HideSolutionNode = FALSE
	EndGlobalSection
	GlobalSection(ExtensibilityGlobals) = postSolution
		SolutionGuid = {CFAC9F41-B6FB-430B-9C25-6AFCED70E404}
	EndGlobalSection
EndGlobal
