
Microsoft Visual Studio Solution File, Format Version 12.00
# Visual Studio Version 16
VisualStudioVersion = 16.0.30621.155
MinimumVisualStudioVersion = 10.0.40219.1
Project("{FAE04EC0-301F-11D3-BF4B-00C04F79EFBC}") = "ScrumLeaderboard.API", "ScrumLeaderboard.API.csproj", "{C4A16B10-9D9F-4FA5-A4C4-AF9E9E4E9260}"
EndProject
Global
	GlobalSection(SolutionConfigurationPlatforms) = preSolution
		Debug|Any CPU = Debug|Any CPU
		Release|Any CPU = Release|Any CPU
	EndGlobalSection
	GlobalSection(ProjectConfigurationPlatforms) = postSolution
		{C4A16B10-9D9F-4FA5-A4C4-AF9E9E4E9260}.Debug|Any CPU.ActiveCfg = Debug|Any CPU
		{C4A16B10-9D9F-4FA5-A4C4-AF9E9E4E9260}.Debug|Any CPU.Build.0 = Debug|Any CPU
		{C4A16B10-9D9F-4FA5-A4C4-AF9E9E4E9260}.Release|Any CPU.ActiveCfg = Release|Any CPU
		{C4A16B10-9D9F-4FA5-A4C4-AF9E9E4E9260}.Release|Any CPU.Build.0 = Release|Any CPU
	EndGlobalSection
	GlobalSection(SolutionProperties) = preSolution
		HideSolutionNode = FALSE
	EndGlobalSection
	GlobalSection(ExtensibilityGlobals) = postSolution
		SolutionGuid = {07CA120C-B91B-4FF7-9B56-A472F7D6E75C}
	EndGlobalSection
EndGlobal
